
Microsoft Visual Studio Solution File, Format Version 12.00
# Visual Studio Version 17
VisualStudioVersion = 17.1.32210.238
MinimumVisualStudioVersion = 10.0.40219.1
Project("{9A19103F-16F7-4668-BE54-9A1E7A4F7556}") = "SimulationEngine.Api", "SimulationEngine.Api\SimulationEngine.Api.csproj", "{9F68C634-712E-4633-AF0F-9B6497001BE5}"
EndProject
Project("{9A19103F-16F7-4668-BE54-9A1E7A4F7556}") = "PetriNets", "..\PetriNets.Controller\PetriNets.csproj", "{91A63C2C-7596-4896-805F-E9FBBC27A377}"
EndProject
Global
	GlobalSection(SolutionConfigurationPlatforms) = preSolution
		Debug|Any CPU = Debug|Any CPU
		Release|Any CPU = Release|Any CPU
	EndGlobalSection
	GlobalSection(ProjectConfigurationPlatforms) = postSolution
		{9F68C634-712E-4633-AF0F-9B6497001BE5}.Debug|Any CPU.ActiveCfg = Debug|Any CPU
		{9F68C634-712E-4633-AF0F-9B6497001BE5}.Debug|Any CPU.Build.0 = Debug|Any CPU
		{9F68C634-712E-4633-AF0F-9B6497001BE5}.Release|Any CPU.ActiveCfg = Release|Any CPU
		{9F68C634-712E-4633-AF0F-9B6497001BE5}.Release|Any CPU.Build.0 = Release|Any CPU
		{91A63C2C-7596-4896-805F-E9FBBC27A377}.Debug|Any CPU.ActiveCfg = Debug|Any CPU
		{91A63C2C-7596-4896-805F-E9FBBC27A377}.Debug|Any CPU.Build.0 = Debug|Any CPU
		{91A63C2C-7596-4896-805F-E9FBBC27A377}.Release|Any CPU.ActiveCfg = Release|Any CPU
		{91A63C2C-7596-4896-805F-E9FBBC27A377}.Release|Any CPU.Build.0 = Release|Any CPU
	EndGlobalSection
	GlobalSection(SolutionProperties) = preSolution
		HideSolutionNode = FALSE
	EndGlobalSection
	GlobalSection(ExtensibilityGlobals) = postSolution
		SolutionGuid = {053E75D7-6C75-4A2E-8564-F3B2DF314494}
	EndGlobalSection
EndGlobal
